
Microsoft Visual Studio Solution File, Format Version 12.00
# Visual Studio Version 17
VisualStudioVersion = 17.4.33213.308
MinimumVisualStudioVersion = 10.0.40219.1
Project("{FAE04EC0-301F-11D3-BF4B-00C04F79EFBC}") = "BasicCoreProblem", "BasicCoreProblem.csproj", "{C95EC342-4638-4476-8FCF-87E9EEEC1D78}"
EndProject
Global
	GlobalSection(SolutionConfigurationPlatforms) = preSolution
		Debug|Any CPU = Debug|Any CPU
		Release|Any CPU = Release|Any CPU
	EndGlobalSection
	GlobalSection(ProjectConfigurationPlatforms) = postSolution
		{C95EC342-4638-4476-8FCF-87E9EEEC1D78}.Debug|Any CPU.ActiveCfg = Debug|Any CPU
		{C95EC342-4638-4476-8FCF-87E9EEEC1D78}.Debug|Any CPU.Build.0 = Debug|Any CPU
		{C95EC342-4638-4476-8FCF-87E9EEEC1D78}.Release|Any CPU.ActiveCfg = Release|Any CPU
		{C95EC342-4638-4476-8FCF-87E9EEEC1D78}.Release|Any CPU.Build.0 = Release|Any CPU
	EndGlobalSection
	GlobalSection(SolutionProperties) = preSolution
		HideSolutionNode = FALSE
	EndGlobalSection
	GlobalSection(ExtensibilityGlobals) = postSolution
		SolutionGuid = {4CAB9E8C-004D-44EA-AA5B-02A94AE79E15}
	EndGlobalSection
EndGlobal
